// !$*UTF8*$!
{
	archiveVersion = 1;
	classes = {
	};
	objectVersion = 55;
	objects = {

/* Begin PBXBuildFile section */
		3E84510028C4C9D300DACED3 /* movieApp.swift in Sources */ = {isa = PBXBuildFile; fileRef = 3E8450FF28C4C9D300DACED3 /* movieApp.swift */; };
		3E84510228C4C9D300DACED3 /* ContentView.swift in Sources */ = {isa = PBXBuildFile; fileRef = 3E84510128C4C9D300DACED3 /* ContentView.swift */; };
		3E84510428C4C9D700DACED3 /* Assets.xcassets in Resources */ = {isa = PBXBuildFile; fileRef = 3E84510328C4C9D700DACED3 /* Assets.xcassets */; };
		3E84510728C4C9D700DACED3 /* Preview Assets.xcassets in Resources */ = {isa = PBXBuildFile; fileRef = 3E84510628C4C9D700DACED3 /* Preview Assets.xcassets */; };
		3E84511128C4C9D800DACED3 /* movieTests.swift in Sources */ = {isa = PBXBuildFile; fileRef = 3E84511028C4C9D800DACED3 /* movieTests.swift */; };
		3E84511B28C4C9D800DACED3 /* movieUITests.swift in Sources */ = {isa = PBXBuildFile; fileRef = 3E84511A28C4C9D800DACED3 /* movieUITests.swift */; };
		3E84511D28C4C9D800DACED3 /* movieUITestsLaunchTests.swift in Sources */ = {isa = PBXBuildFile; fileRef = 3E84511C28C4C9D800DACED3 /* movieUITestsLaunchTests.swift */; };
/* End PBXBuildFile section */

/* Begin PBXContainerItemProxy section */
		3E84510D28C4C9D800DACED3 /* PBXContainerItemProxy */ = {
			isa = PBXContainerItemProxy;
			containerPortal = 3E8450F428C4C9D300DACED3 /* Project object */;
			proxyType = 1;
			remoteGlobalIDString = 3E8450FB28C4C9D300DACED3;
			remoteInfo = movie;
		};
		3E84511728C4C9D800DACED3 /* PBXContainerItemProxy */ = {
			isa = PBXContainerItemProxy;
			containerPortal = 3E8450F428C4C9D300DACED3 /* Project object */;
			proxyType = 1;
			remoteGlobalIDString = 3E8450FB28C4C9D300DACED3;
			remoteInfo = movie;
		};
/* End PBXContainerItemProxy section */

/* Begin PBXFileReference section */
		3E8450FC28C4C9D300DACED3 /* movie.app */ = {isa = PBXFileReference; explicitFileType = wrapper.application; includeInIndex = 0; path = movie.app; sourceTree = BUILT_PRODUCTS_DIR; };
		3E8450FF28C4C9D300DACED3 /* movieApp.swift */ = {isa = PBXFileReference; lastKnownFileType = sourcecode.swift; path = movieApp.swift; sourceTree = "<group>"; };
		3E84510128C4C9D300DACED3 /* ContentView.swift */ = {isa = PBXFileReference; lastKnownFileType = sourcecode.swift; path = ContentView.swift; sourceTree = "<group>"; };
		3E84510328C4C9D700DACED3 /* Assets.xcassets */ = {isa = PBXFileReference; lastKnownFileType = folder.assetcatalog; path = Assets.xcassets; sourceTree = "<group>"; };
		3E84510628C4C9D700DACED3 /* Preview Assets.xcassets */ = {isa = PBXFileReference; lastKnownFileType = folder.assetcatalog; path = "Preview Assets.xcassets"; sourceTree = "<group>"; };
		3E84510C28C4C9D800DACED3 /* movieTests.xctest */ = {isa = PBXFileReference; explicitFileType = wrapper.cfbundle; includeInIndex = 0; path = movieTests.xctest; sourceTree = BUILT_PRODUCTS_DIR; };
		3E84511028C4C9D800DACED3 /* movieTests.swift */ = {isa = PBXFileReference; lastKnownFileType = sourcecode.swift; path = movieTests.swift; sourceTree = "<group>"; };
		3E84511628C4C9D800DACED3 /* movieUITests.xctest */ = {isa = PBXFileReference; explicitFileType = wrapper.cfbundle; includeInIndex = 0; path = movieUITests.xctest; sourceTree = BUILT_PRODUCTS_DIR; };
		3E84511A28C4C9D800DACED3 /* movieUITests.swift */ = {isa = PBXFileReference; lastKnownFileType = sourcecode.swift; path = movieUITests.swift; sourceTree = "<group>"; };
		3E84511C28C4C9D800DACED3 /* movieUITestsLaunchTests.swift */ = {isa = PBXFileReference; lastKnownFileType = sourcecode.swift; path = movieUITestsLaunchTests.swift; sourceTree = "<group>"; };
/* End PBXFileReference section */

/* Begin PBXFrameworksBuildPhase section */
		3E8450F928C4C9D300DACED3 /* Frameworks */ = {
			isa = PBXFrameworksBuildPhase;
			buildActionMask = 2147483647;
			files = (
			);
			runOnlyForDeploymentPostprocessing = 0;
		};
		3E84510928C4C9D800DACED3 /* Frameworks */ = {
			isa = PBXFrameworksBuildPhase;
			buildActionMask = 2147483647;
			files = (
			);
			runOnlyForDeploymentPostprocessing = 0;
		};
		3E84511328C4C9D800DACED3 /* Frameworks */ = {
			isa = PBXFrameworksBuildPhase;
			buildActionMask = 2147483647;
			files = (
			);
			runOnlyForDeploymentPostprocessing = 0;
		};
/* End PBXFrameworksBuildPhase section */

/* Begin PBXGroup section */
		3E8450F328C4C9D300DACED3 = {
			isa = PBXGroup;
			children = (
				3E8450FE28C4C9D300DACED3 /* movie */,
				3E84510F28C4C9D800DACED3 /* movieTests */,
				3E84511928C4C9D800DACED3 /* movieUITests */,
				3E8450FD28C4C9D300DACED3 /* Products */,
			);
			sourceTree = "<group>";
		};
		3E8450FD28C4C9D300DACED3 /* Products */ = {
			isa = PBXGroup;
			children = (
				3E8450FC28C4C9D300DACED3 /* movie.app */,
				3E84510C28C4C9D800DACED3 /* movieTests.xctest */,
				3E84511628C4C9D800DACED3 /* movieUITests.xctest */,
			);
			name = Products;
			sourceTree = "<group>";
		};
		3E8450FE28C4C9D300DACED3 /* movie */ = {
			isa = PBXGroup;
			children = (
				3E8450FF28C4C9D300DACED3 /* movieApp.swift */,
				3E84510128C4C9D300DACED3 /* ContentView.swift */,
				3E84510328C4C9D700DACED3 /* Assets.xcassets */,
				3E84510528C4C9D700DACED3 /* Preview Content */,
			);
			path = movie;
			sourceTree = "<group>";
		};
		3E84510528C4C9D700DACED3 /* Preview Content */ = {
			isa = PBXGroup;
			children = (
				3E84510628C4C9D700DACED3 /* Preview Assets.xcassets */,
			);
			path = "Preview Content";
			sourceTree = "<group>";
		};
		3E84510F28C4C9D800DACED3 /* movieTests */ = {
			isa = PBXGroup;
			children = (
				3E84511028C4C9D800DACED3 /* movieTests.swift */,
			);
			path = movieTests;
			sourceTree = "<group>";
		};
		3E84511928C4C9D800DACED3 /* movieUITests */ = {
			isa = PBXGroup;
			children = (
				3E84511A28C4C9D800DACED3 /* movieUITests.swift */,
				3E84511C28C4C9D800DACED3 /* movieUITestsLaunchTests.swift */,
			);
			path = movieUITests;
			sourceTree = "<group>";
		};
/* End PBXGroup section */

/* Begin PBXNativeTarget section */
		3E8450FB28C4C9D300DACED3 /* movie */ = {
			isa = PBXNativeTarget;
			buildConfigurationList = 3E84512028C4C9D800DACED3 /* Build configuration list for PBXNativeTarget "movie" */;
			buildPhases = (
				3E8450F828C4C9D300DACED3 /* Sources */,
				3E8450F928C4C9D300DACED3 /* Frameworks */,
				3E8450FA28C4C9D300DACED3 /* Resources */,
			);
			buildRules = (
			);
			dependencies = (
			);
			name = movie;
			productName = movie;
			productReference = 3E8450FC28C4C9D300DACED3 /* movie.app */;
			productType = "com.apple.product-type.application";
		};
		3E84510B28C4C9D800DACED3 /* movieTests */ = {
			isa = PBXNativeTarget;
			buildConfigurationList = 3E84512328C4C9D800DACED3 /* Build configuration list for PBXNativeTarget "movieTests" */;
			buildPhases = (
				3E84510828C4C9D800DACED3 /* Sources */,
				3E84510928C4C9D800DACED3 /* Frameworks */,
				3E84510A28C4C9D800DACED3 /* Resources */,
			);
			buildRules = (
			);
			dependencies = (
				3E84510E28C4C9D800DACED3 /* PBXTargetDependency */,
			);
			name = movieTests;
			productName = movieTests;
			productReference = 3E84510C28C4C9D800DACED3 /* movieTests.xctest */;
			productType = "com.apple.product-type.bundle.unit-test";
		};
		3E84511528C4C9D800DACED3 /* movieUITests */ = {
			isa = PBXNativeTarget;
			buildConfigurationList = 3E84512628C4C9D800DACED3 /* Build configuration list for PBXNativeTarget "movieUITests" */;
			buildPhases = (
				3E84511228C4C9D800DACED3 /* Sources */,
				3E84511328C4C9D800DACED3 /* Frameworks */,
				3E84511428C4C9D800DACED3 /* Resources */,
			);
			buildRules = (
			);
			dependencies = (
				3E84511828C4C9D800DACED3 /* PBXTargetDependency */,
			);
			name = movieUITests;
			productName = movieUITests;
			productReference = 3E84511628C4C9D800DACED3 /* movieUITests.xctest */;
			productType = "com.apple.product-type.bundle.ui-testing";
		};
/* End PBXNativeTarget section */

/* Begin PBXProject section */
		3E8450F428C4C9D300DACED3 /* Project object */ = {
			isa = PBXProject;
			attributes = {
				BuildIndependentTargetsInParallel = 1;
				LastSwiftUpdateCheck = 1340;
				LastUpgradeCheck = 1340;
				TargetAttributes = {
					3E8450FB28C4C9D300DACED3 = {
						CreatedOnToolsVersion = 13.4.1;
					};
					3E84510B28C4C9D800DACED3 = {
						CreatedOnToolsVersion = 13.4.1;
						TestTargetID = 3E8450FB28C4C9D300DACED3;
					};
					3E84511528C4C9D800DACED3 = {
						CreatedOnToolsVersion = 13.4.1;
						TestTargetID = 3E8450FB28C4C9D300DACED3;
					};
				};
			};
			buildConfigurationList = 3E8450F728C4C9D300DACED3 /* Build configuration list for PBXProject "movie" */;
			compatibilityVersion = "Xcode 13.0";
			developmentRegion = en;
			hasScannedForEncodings = 0;
			knownRegions = (
				en,
				Base,
			);
			mainGroup = 3E8450F328C4C9D300DACED3;
			productRefGroup = 3E8450FD28C4C9D300DACED3 /* Products */;
			projectDirPath = "";
			projectRoot = "";
			targets = (
				3E8450FB28C4C9D300DACED3 /* movie */,
				3E84510B28C4C9D800DACED3 /* movieTests */,
				3E84511528C4C9D800DACED3 /* movieUITests */,
			);
		};
/* End PBXProject section */

/* Begin PBXResourcesBuildPhase section */
		3E8450FA28C4C9D300DACED3 /* Resources */ = {
			isa = PBXResourcesBuildPhase;
			buildActionMask = 2147483647;
			files = (
				3E84510728C4C9D700DACED3 /* Preview Assets.xcassets in Resources */,
				3E84510428C4C9D700DACED3 /* Assets.xcassets in Resources */,
			);
			runOnlyForDeploymentPostprocessing = 0;
		};
		3E84510A28C4C9D800DACED3 /* Resources */ = {
			isa = PBXResourcesBuildPhase;
			buildActionMask = 2147483647;
			files = (
			);
			runOnlyForDeploymentPostprocessing = 0;
		};
		3E84511428C4C9D800DACED3 /* Resources */ = {
			isa = PBXResourcesBuildPhase;
			buildActionMask = 2147483647;
			files = (
			);
			runOnlyForDeploymentPostprocessing = 0;
		};
/* End PBXResourcesBuildPhase section */

/* Begin PBXSourcesBuildPhase section */
		3E8450F828C4C9D300DACED3 /* Sources */ = {
			isa = PBXSourcesBuildPhase;
			buildActionMask = 2147483647;
			files = (
				3E84510228C4C9D300DACED3 /* ContentView.swift in Sources */,
				3E84510028C4C9D300DACED3 /* movieApp.swift in Sources */,
			);
			runOnlyForDeploymentPostprocessing = 0;
		};
		3E84510828C4C9D800DACED3 /* Sources */ = {
			isa = PBXSourcesBuildPhase;
			buildActionMask = 2147483647;
			files = (
				3E84511128C4C9D800DACED3 /* movieTests.swift in Sources */,
			);
			runOnlyForDeploymentPostprocessing = 0;
		};
		3E84511228C4C9D800DACED3 /* Sources */ = {
			isa = PBXSourcesBuildPhase;
			buildActionMask = 2147483647;
			files = (
				3E84511B28C4C9D800DACED3 /* movieUITests.swift in Sources */,
				3E84511D28C4C9D800DACED3 /* movieUITestsLaunchTests.swift in Sources */,
			);
			runOnlyForDeploymentPostprocessing = 0;
		};
/* End PBXSourcesBuildPhase section */

/* Begin PBXTargetDependency section */
		3E84510E28C4C9D800DACED3 /* PBXTargetDependency */ = {
			isa = PBXTargetDependency;
			target = 3E8450FB28C4C9D300DACED3 /* movie */;
			targetProxy = 3E84510D28C4C9D800DACED3 /* PBXContainerItemProxy */;
		};
		3E84511828C4C9D800DACED3 /* PBXTargetDependency */ = {
			isa = PBXTargetDependency;
			target = 3E8450FB28C4C9D300DACED3 /* movie */;
			targetProxy = 3E84511728C4C9D800DACED3 /* PBXContainerItemProxy */;
		};
/* End PBXTargetDependency section */

/* Begin XCBuildConfiguration section */
		3E84511E28C4C9D800DACED3 /* Debug */ = {
			isa = XCBuildConfiguration;
			buildSettings = {
				ALWAYS_SEARCH_USER_PATHS = NO;
				CLANG_ANALYZER_NONNULL = YES;
				CLANG_ANALYZER_NUMBER_OBJECT_CONVERSION = YES_AGGRESSIVE;
				CLANG_CXX_LANGUAGE_STANDARD = "gnu++17";
				CLANG_ENABLE_MODULES = YES;
				CLANG_ENABLE_OBJC_ARC = YES;
				CLANG_ENABLE_OBJC_WEAK = YES;
				CLANG_WARN_BLOCK_CAPTURE_AUTORELEASING = YES;
				CLANG_WARN_BOOL_CONVERSION = YES;
				CLANG_WARN_COMMA = YES;
				CLANG_WARN_CONSTANT_CONVERSION = YES;
				CLANG_WARN_DEPRECATED_OBJC_IMPLEMENTATIONS = YES;
				CLANG_WARN_DIRECT_OBJC_ISA_USAGE = YES_ERROR;
				CLANG_WARN_DOCUMENTATION_COMMENTS = YES;
				CLANG_WARN_EMPTY_BODY = YES;
				CLANG_WARN_ENUM_CONVERSION = YES;
				CLANG_WARN_INFINITE_RECURSION = YES;
				CLANG_WARN_INT_CONVERSION = YES;
				CLANG_WARN_NON_LITERAL_NULL_CONVERSION = YES;
				CLANG_WARN_OBJC_IMPLICIT_RETAIN_SELF = YES;
				CLANG_WARN_OBJC_LITERAL_CONVERSION = YES;
				CLANG_WARN_OBJC_ROOT_CLASS = YES_ERROR;
				CLANG_WARN_QUOTED_INCLUDE_IN_FRAMEWORK_HEADER = YES;
				CLANG_WARN_RANGE_LOOP_ANALYSIS = YES;
				CLANG_WARN_STRICT_PROTOTYPES = YES;
				CLANG_WARN_SUSPICIOUS_MOVE = YES;
				CLANG_WARN_UNGUARDED_AVAILABILITY = YES_AGGRESSIVE;
				CLANG_WARN_UNREACHABLE_CODE = YES;
				CLANG_WARN__DUPLICATE_METHOD_MATCH = YES;
				COPY_PHASE_STRIP = NO;
				DEBUG_INFORMATION_FORMAT = dwarf;
				ENABLE_STRICT_OBJC_MSGSEND = YES;
				ENABLE_TESTABILITY = YES;
				GCC_C_LANGUAGE_STANDARD = gnu11;
				GCC_DYNAMIC_NO_PIC = NO;
				GCC_NO_COMMON_BLOCKS = YES;
				GCC_OPTIMIZATION_LEVEL = 0;
				GCC_PREPROCESSOR_DEFINITIONS = (
					"DEBUG=1",
					"$(inherited)",
				);
				GCC_WARN_64_TO_32_BIT_CONVERSION = YES;
				GCC_WARN_ABOUT_RETURN_TYPE = YES_ERROR;
				GCC_WARN_UNDECLARED_SELECTOR = YES;
				GCC_WARN_UNINITIALIZED_AUTOS = YES_AGGRESSIVE;
				GCC_WARN_UNUSED_FUNCTION = YES;
				GCC_WARN_UNUSED_VARIABLE = YES;
				IPHONEOS_DEPLOYMENT_TARGET = 15.5;
				MTL_ENABLE_DEBUG_INFO = INCLUDE_SOURCE;
				MTL_FAST_MATH = YES;
				ONLY_ACTIVE_ARCH = YES;
				SDKROOT = iphoneos;
				SWIFT_ACTIVE_COMPILATION_CONDITIONS = DEBUG;
				SWIFT_OPTIMIZATION_LEVEL = "-Onone";
			};
			name = Debug;
		};
		3E84511F28C4C9D800DACED3 /* Release */ = {
			isa = XCBuildConfiguration;
			buildSettings = {
				ALWAYS_SEARCH_USER_PATHS = NO;
				CLANG_ANALYZER_NONNULL = YES;
				CLANG_ANALYZER_NUMBER_OBJECT_CONVERSION = YES_AGGRESSIVE;
				CLANG_CXX_LANGUAGE_STANDARD = "gnu++17";
				CLANG_ENABLE_MODULES = YES;
				CLANG_ENABLE_OBJC_ARC = YES;
				CLANG_ENABLE_OBJC_WEAK = YES;
				CLANG_WARN_BLOCK_CAPTURE_AUTORELEASING = YES;
				CLANG_WARN_BOOL_CONVERSION = YES;
				CLANG_WARN_COMMA = YES;
				CLANG_WARN_CONSTANT_CONVERSION = YES;
				CLANG_WARN_DEPRECATED_OBJC_IMPLEMENTATIONS = YES;
				CLANG_WARN_DIRECT_OBJC_ISA_USAGE = YES_ERROR;
				CLANG_WARN_DOCUMENTATION_COMMENTS = YES;
				CLANG_WARN_EMPTY_BODY = YES;
				CLANG_WARN_ENUM_CONVERSION = YES;
				CLANG_WARN_INFINITE_RECURSION = YES;
				CLANG_WARN_INT_CONVERSION = YES;
				CLANG_WARN_NON_LITERAL_NULL_CONVERSION = YES;
				CLANG_WARN_OBJC_IMPLICIT_RETAIN_SELF = YES;
				CLANG_WARN_OBJC_LITERAL_CONVERSION = YES;
				CLANG_WARN_OBJC_ROOT_CLASS = YES_ERROR;
				CLANG_WARN_QUOTED_INCLUDE_IN_FRAMEWORK_HEADER = YES;
				CLANG_WARN_RANGE_LOOP_ANALYSIS = YES;
				CLANG_WARN_STRICT_PROTOTYPES = YES;
				CLANG_WARN_SUSPICIOUS_MOVE = YES;
				CLANG_WARN_UNGUARDED_AVAILABILITY = YES_AGGRESSIVE;
				CLANG_WARN_UNREACHABLE_CODE = YES;
				CLANG_WARN__DUPLICATE_METHOD_MATCH = YES;
				COPY_PHASE_STRIP = NO;
				DEBUG_INFORMATION_FORMAT = "dwarf-with-dsym";
				ENABLE_NS_ASSERTIONS = NO;
				ENABLE_STRICT_OBJC_MSGSEND = YES;
				GCC_C_LANGUAGE_STANDARD = gnu11;
				GCC_NO_COMMON_BLOCKS = YES;
				GCC_WARN_64_TO_32_BIT_CONVERSION = YES;
				GCC_WARN_ABOUT_RETURN_TYPE = YES_ERROR;
				GCC_WARN_UNDECLARED_SELECTOR = YES;
				GCC_WARN_UNINITIALIZED_AUTOS = YES_AGGRESSIVE;
				GCC_WARN_UNUSED_FUNCTION = YES;
				GCC_WARN_UNUSED_VARIABLE = YES;
				IPHONEOS_DEPLOYMENT_TARGET = 15.5;
				MTL_ENABLE_DEBUG_INFO = NO;
				MTL_FAST_MATH = YES;
				SDKROOT = iphoneos;
				SWIFT_COMPILATION_MODE = wholemodule;
				SWIFT_OPTIMIZATION_LEVEL = "-O";
				VALIDATE_PRODUCT = YES;
			};
			name = Release;
		};
		3E84512128C4C9D800DACED3 /* Debug */ = {
			isa = XCBuildConfiguration;
			buildSettings = {
				ASSETCATALOG_COMPILER_APPICON_NAME = AppIcon;
				ASSETCATALOG_COMPILER_GLOBAL_ACCENT_COLOR_NAME = AccentColor;
				CODE_SIGN_STYLE = Automatic;
				CURRENT_PROJECT_VERSION = 1;
				DEVELOPMENT_ASSET_PATHS = "\"movie/Preview Content\"";
				ENABLE_PREVIEWS = YES;
				GENERATE_INFOPLIST_FILE = YES;
				INFOPLIST_KEY_UIApplicationSceneManifest_Generation = YES;
				INFOPLIST_KEY_UIApplicationSupportsIndirectInputEvents = YES;
				INFOPLIST_KEY_UILaunchScreen_Generation = YES;
				INFOPLIST_KEY_UISupportedInterfaceOrientations_iPad = "UIInterfaceOrientationPortrait UIInterfaceOrientationPortraitUpsideDown UIInterfaceOrientationLandscapeLeft UIInterfaceOrientationLandscapeRight";
				INFOPLIST_KEY_UISupportedInterfaceOrientations_iPhone = "UIInterfaceOrientationPortrait UIInterfaceOrientationLandscapeLeft UIInterfaceOrientationLandscapeRight";
				LD_RUNPATH_SEARCH_PATHS = (
					"$(inherited)",
					"@executable_path/Frameworks",
				);
				MARKETING_VERSION = 1.0;
				PRODUCT_BUNDLE_IDENTIFIER = abc.movie;
				PRODUCT_NAME = "$(TARGET_NAME)";
				SWIFT_EMIT_LOC_STRINGS = YES;
				SWIFT_VERSION = 5.0;
				TARGETED_DEVICE_FAMILY = "1,2";
			};
			name = Debug;
		};
		3E84512228C4C9D800DACED3 /* Release */ = {
			isa = XCBuildConfiguration;
			buildSettings = {
				ASSETCATALOG_COMPILER_APPICON_NAME = AppIcon;
				ASSETCATALOG_COMPILER_GLOBAL_ACCENT_COLOR_NAME = AccentColor;
				CODE_SIGN_STYLE = Automatic;
				CURRENT_PROJECT_VERSION = 1;
				DEVELOPMENT_ASSET_PATHS = "\"movie/Preview Content\"";
				ENABLE_PREVIEWS = YES;
				GENERATE_INFOPLIST_FILE = YES;
				INFOPLIST_KEY_UIApplicationSceneManifest_Generation = YES;
				INFOPLIST_KEY_UIApplicationSupportsIndirectInputEvents = YES;
				INFOPLIST_KEY_UILaunchScreen_Generation = YES;
				INFOPLIST_KEY_UISupportedInterfaceOrientations_iPad = "UIInterfaceOrientationPortrait UIInterfaceOrientationPortraitUpsideDown UIInterfaceOrientationLandscapeLeft UIInterfaceOrientationLandscapeRight";
				INFOPLIST_KEY_UISupportedInterfaceOrientations_iPhone = "UIInterfaceOrientationPortrait UIInterfaceOrientationLandscapeLeft UIInterfaceOrientationLandscapeRight";
				LD_RUNPATH_SEARCH_PATHS = (
					"$(inherited)",
					"@executable_path/Frameworks",
				);
				MARKETING_VERSION = 1.0;
				PRODUCT_BUNDLE_IDENTIFIER = abc.movie;
				PRODUCT_NAME = "$(TARGET_NAME)";
				SWIFT_EMIT_LOC_STRINGS = YES;
				SWIFT_VERSION = 5.0;
				TARGETED_DEVICE_FAMILY = "1,2";
			};
			name = Release;
		};
		3E84512428C4C9D800DACED3 /* Debug */ = {
			isa = XCBuildConfiguration;
			buildSettings = {
				ALWAYS_EMBED_SWIFT_STANDARD_LIBRARIES = YES;
				BUNDLE_LOADER = "$(TEST_HOST)";
				CODE_SIGN_STYLE = Automatic;
				CURRENT_PROJECT_VERSION = 1;
				GENERATE_INFOPLIST_FILE = YES;
				IPHONEOS_DEPLOYMENT_TARGET = 15.5;
				MARKETING_VERSION = 1.0;
				PRODUCT_BUNDLE_IDENTIFIER = abc.movieTests;
				PRODUCT_NAME = "$(TARGET_NAME)";
				SWIFT_EMIT_LOC_STRINGS = NO;
				SWIFT_VERSION = 5.0;
				TARGETED_DEVICE_FAMILY = "1,2";
				TEST_HOST = "$(BUILT_PRODUCTS_DIR)/movie.app/movie";
			};
			name = Debug;
		};
		3E84512528C4C9D800DACED3 /* Release */ = {
			isa = XCBuildConfiguration;
			buildSettings = {
				ALWAYS_EMBED_SWIFT_STANDARD_LIBRARIES = YES;
				BUNDLE_LOADER = "$(TEST_HOST)";
				CODE_SIGN_STYLE = Automatic;
				CURRENT_PROJECT_VERSION = 1;
				GENERATE_INFOPLIST_FILE = YES;
				IPHONEOS_DEPLOYMENT_TARGET = 15.5;
				MARKETING_VERSION = 1.0;
				PRODUCT_BUNDLE_IDENTIFIER = abc.movieTests;
				PRODUCT_NAME = "$(TARGET_NAME)";
				SWIFT_EMIT_LOC_STRINGS = NO;
				SWIFT_VERSION = 5.0;
				TARGETED_DEVICE_FAMILY = "1,2";
				TEST_HOST = "$(BUILT_PRODUCTS_DIR)/movie.app/movie";
			};
			name = Release;
		};
		3E84512728C4C9D800DACED3 /* Debug */ = {
			isa = XCBuildConfiguration;
			buildSettings = {
				ALWAYS_EMBED_SWIFT_STANDARD_LIBRARIES = YES;
				CODE_SIGN_STYLE = Automatic;
				CURRENT_PROJECT_VERSION = 1;
				GENERATE_INFOPLIST_FILE = YES;
				MARKETING_VERSION = 1.0;
				PRODUCT_BUNDLE_IDENTIFIER = abc.movieUITests;
				PRODUCT_NAME = "$(TARGET_NAME)";
				SWIFT_EMIT_LOC_STRINGS = NO;
				SWIFT_VERSION = 5.0;
				TARGETED_DEVICE_FAMILY = "1,2";
				TEST_TARGET_NAME = movie;
			};
			name = Debug;
		};
		3E84512828C4C9D800DACED3 /* Release */ = {
			isa = XCBuildConfiguration;
			buildSettings = {
				ALWAYS_EMBED_SWIFT_STANDARD_LIBRARIES = YES;
				CODE_SIGN_STYLE = Automatic;
				CURRENT_PROJECT_VERSION = 1;
				GENERATE_INFOPLIST_FILE = YES;
				MARKETING_VERSION = 1.0;
				PRODUCT_BUNDLE_IDENTIFIER = abc.movieUITests;
				PRODUCT_NAME = "$(TARGET_NAME)";
				SWIFT_EMIT_LOC_STRINGS = NO;
				SWIFT_VERSION = 5.0;
				TARGETED_DEVICE_FAMILY = "1,2";
				TEST_TARGET_NAME = movie;
			};
			name = Release;
		};
/* End XCBuildConfiguration section */

/* Begin XCConfigurationList section */
		3E8450F728C4C9D300DACED3 /* Build configuration list for PBXProject "movie" */ = {
			isa = XCConfigurationList;
			buildConfigurations = (
				3E84511E28C4C9D800DACED3 /* Debug */,
				3E84511F28C4C9D800DACED3 /* Release */,
			);
			defaultConfigurationIsVisible = 0;
			defaultConfigurationName = Release;
		};
		3E84512028C4C9D800DACED3 /* Build configuration list for PBXNativeTarget "movie" */ = {
			isa = XCConfigurationList;
			buildConfigurations = (
				3E84512128C4C9D800DACED3 /* Debug */,
				3E84512228C4C9D800DACED3 /* Release */,
			);
			defaultConfigurationIsVisible = 0;
			defaultConfigurationName = Release;
		};
		3E84512328C4C9D800DACED3 /* Build configuration list for PBXNativeTarget "movieTests" */ = {
			isa = XCConfigurationList;
			buildConfigurations = (
				3E84512428C4C9D800DACED3 /* Debug */,
				3E84512528C4C9D800DACED3 /* Release */,
			);
			defaultConfigurationIsVisible = 0;
			defaultConfigurationName = Release;
		};
		3E84512628C4C9D800DACED3 /* Build configuration list for PBXNativeTarget "movieUITests" */ = {
			isa = XCConfigurationList;
			buildConfigurations = (
				3E84512728C4C9D800DACED3 /* Debug */,
				3E84512828C4C9D800DACED3 /* Release */,
			);
			defaultConfigurationIsVisible = 0;
			defaultConfigurationName = Release;
		};
/* End XCConfigurationList section */
	};
	rootObject = 3E8450F428C4C9D300DACED3 /* Project object */;
}
